
Microsoft Visual Studio Solution File, Format Version 12.00
# Visual Studio Version 16
VisualStudioVersion = 16.0.30717.126
MinimumVisualStudioVersion = 10.0.40219.1
Project("{9A19103F-16F7-4668-BE54-9A1E7A4F7556}") = "Api", "Api.csproj", "{FC947089-A4D0-44CE-AFAC-9B2D3CB91D4A}"
EndProject
Global
	GlobalSection(SolutionConfigurationPlatforms) = preSolution
		Debug|Any CPU = Debug|Any CPU
		Release|Any CPU = Release|Any CPU
	EndGlobalSection
	GlobalSection(ProjectConfigurationPlatforms) = postSolution
		{FC947089-A4D0-44CE-AFAC-9B2D3CB91D4A}.Debug|Any CPU.ActiveCfg = Debug|Any CPU
		{FC947089-A4D0-44CE-AFAC-9B2D3CB91D4A}.Debug|Any CPU.Build.0 = Debug|Any CPU
		{FC947089-A4D0-44CE-AFAC-9B2D3CB91D4A}.Release|Any CPU.ActiveCfg = Release|Any CPU
		{FC947089-A4D0-44CE-AFAC-9B2D3CB91D4A}.Release|Any CPU.Build.0 = Release|Any CPU
	EndGlobalSection
	GlobalSection(SolutionProperties) = preSolution
		HideSolutionNode = FALSE
	EndGlobalSection
	GlobalSection(ExtensibilityGlobals) = postSolution
		SolutionGuid = {4858AD48-88ED-4B4D-9D93-32BE07652F2A}
	EndGlobalSection
EndGlobal
